<?xml version="1.0" encoding="utf-8"?>
<Project ToolsVersion="4.0" xmlns="http://schemas.microsoft.com/developer/msbuild/2003">
  <ItemGroup>
    <Filter Include="Main">
      <UniqueIdentifier>{14a64bf7-e8bd-4b5f-b5f3-6a5cbbcc56da}</UniqueIdentifier>
    </Filter>
    <Filter Include="Utils">
      <UniqueIdentifier>{c2713890-9778-4844-a73c-866fb7731ae5}</UniqueIdentifier>
    </Filter>
    <Filter Include="Protocol">
      <UniqueIdentifier>{0dad1229-b11a-443e-a249-9027c0b6d920}</UniqueIdentifier>
    </Filter>
    <Filter Include="GameContents">
      <UniqueIdentifier>{0ac5b3d0-295e-41df-9405-84eb378ef936}</UniqueIdentifier>
    </Filter>
    <Filter Include="DB">
      <UniqueIdentifier>{b1031e66-cce0-414b-91cd-e5d895692e02}</UniqueIdentifier>
    </Filter>
  </ItemGroup>
  <ItemGroup>
    <ClCompile Include="GameServer.cpp">
      <Filter>Main</Filter>
    </ClCompile>
    <ClCompile Include="pch.cpp">
      <Filter>Utils</Filter>
    </ClCompile>
    <ClCompile Include="GameSession.cpp">
      <Filter>Main</Filter>
    </ClCompile>
    <ClCompile Include="GameSessionManager.cpp">
      <Filter>Main</Filter>
    </ClCompile>
    <ClCompile Include="ClientPacketHandler.cpp">
      <Filter>Main</Filter>
    </ClCompile>
    <ClCompile Include="Protocol.pb.cc">
      <Filter>Protocol</Filter>
    </ClCompile>
    <ClCompile Include="Enum.pb.cc">
      <Filter>Protocol</Filter>
    </ClCompile>
    <ClCompile Include="Struct.pb.cc">
      <Filter>Protocol</Filter>
    </ClCompile>
    <ClCompile Include="Player.cpp">
      <Filter>GameContents</Filter>
    </ClCompile>
    <ClCompile Include="Room.cpp">
      <Filter>GameContents</Filter>
    </ClCompile>
  </ItemGroup>
  <ItemGroup>
    <ClInclude Include="pch.h">
      <Filter>Utils</Filter>
    </ClInclude>
    <ClInclude Include="GameSession.h">
      <Filter>Main</Filter>
    </ClInclude>
    <ClInclude Include="GameSessionManager.h">
      <Filter>Main</Filter>
    </ClInclude>
    <ClInclude Include="ClientPacketHandler.h">
      <Filter>Main</Filter>
    </ClInclude>
    <ClInclude Include="Protocol.pb.h">
      <Filter>Protocol</Filter>
    </ClInclude>
    <ClInclude Include="Enum.pb.h">
      <Filter>Protocol</Filter>
    </ClInclude>
    <ClInclude Include="Struct.pb.h">
      <Filter>Protocol</Filter>
    </ClInclude>
    <ClInclude Include="Player.h">
      <Filter>GameContents</Filter>
    </ClInclude>
    <ClInclude Include="Room.h">
      <Filter>GameContents</Filter>
    </ClInclude>
    <ClInclude Include="GenProcedures.h">
      <Filter>DB</Filter>
    </ClInclude>
  </ItemGroup>
  <ItemGroup>
    <None Include="..\Common\Protobuf21\bin\Struct.proto">
      <Filter>Protocol</Filter>
    </None>
    <None Include="..\Common\Protobuf21\bin\Protocol.proto">
      <Filter>Protocol</Filter>
    </None>
    <None Include="..\Common\Protobuf21\bin\Enum.proto">
      <Filter>Protocol</Filter>
    </None>
    <None Include="..\Common\Procedures\GenProcs.bat">
      <Filter>DB</Filter>
    </None>
  </ItemGroup>
  <ItemGroup>
    <Xml Include="GameDB.xml">
      <Filter>DB</Filter>
    </Xml>
  </ItemGroup>
</Project>